
Microsoft Visual Studio Solution File, Format Version 12.00
# Visual Studio Version 17
VisualStudioVersion = 17.2.32630.192
MinimumVisualStudioVersion = 10.0.40219.1
Project("{9A19103F-16F7-4668-BE54-9A1E7A4F7556}") = "GartnerApp", "GartnerApp\GartnerApp.csproj", "{43E3FD96-0E5E-404E-A8DC-4B2810897213}"
EndProject
Project("{9A19103F-16F7-4668-BE54-9A1E7A4F7556}") = "GartnerAppTest", "GartnerAppTest\GartnerAppTest.csproj", "{27DB4DDF-7096-4BB1-85DB-74B7AC19F252}"
EndProject
Project("{2150E333-8FDC-42A3-9474-1A3956D46DE8}") = "0-Domain", "0-Domain", "{E2376A2F-5810-4592-920F-9502B471EF90}"
EndProject
Project("{2150E333-8FDC-42A3-9474-1A3956D46DE8}") = "1-Application", "1-Application", "{613B1AFC-8A8C-4F34-A28E-F9E3A81A106F}"
EndProject
Project("{2150E333-8FDC-42A3-9474-1A3956D46DE8}") = "2-Infrastructure", "2-Infrastructure", "{79F310D5-9C97-40C4-8C8D-386BCAE4003E}"
EndProject
Project("{2150E333-8FDC-42A3-9474-1A3956D46DE8}") = "3-Presentation", "3-Presentation", "{412C8A31-0E12-4D74-92DD-993A34577B02}"
EndProject
Project("{FAE04EC0-301F-11D3-BF4B-00C04F79EFBC}") = "Domain", "Domain\Domain.csproj", "{34EE4B1C-24D5-4F70-8300-E359296A47C6}"
EndProject
Project("{FAE04EC0-301F-11D3-BF4B-00C04F79EFBC}") = "DomainTest", "DomainTest\DomainTest.csproj", "{9EAA8CA8-58AA-4011-A906-08A3A9A9686D}"
EndProject
Project("{FAE04EC0-301F-11D3-BF4B-00C04F79EFBC}") = "Application", "Application\Application.csproj", "{C1DD0723-4C06-41E0-83CD-30EAD7AAD0BA}"
EndProject
Project("{FAE04EC0-301F-11D3-BF4B-00C04F79EFBC}") = "ApplicationTest", "ApplicationTest\ApplicationTest.csproj", "{10BCA8ED-9037-4A04-BFAF-18D76B1D806D}"
EndProject
Project("{FAE04EC0-301F-11D3-BF4B-00C04F79EFBC}") = "Infrastructure", "Infrastructure\Infrastructure.csproj", "{FDF3B47B-5F06-4F88-9625-831D9EAAF3D5}"
EndProject
Project("{FAE04EC0-301F-11D3-BF4B-00C04F79EFBC}") = "InfrastructureTest", "InfrastructureTest\InfrastructureTest.csproj", "{F7A807D7-2707-4624-A33E-91B86019E6B4}"
EndProject
Global
	GlobalSection(SolutionConfigurationPlatforms) = preSolution
		Debug|Any CPU = Debug|Any CPU
		Release|Any CPU = Release|Any CPU
	EndGlobalSection
	GlobalSection(ProjectConfigurationPlatforms) = postSolution
		{43E3FD96-0E5E-404E-A8DC-4B2810897213}.Debug|Any CPU.ActiveCfg = Debug|Any CPU
		{43E3FD96-0E5E-404E-A8DC-4B2810897213}.Debug|Any CPU.Build.0 = Debug|Any CPU
		{43E3FD96-0E5E-404E-A8DC-4B2810897213}.Release|Any CPU.ActiveCfg = Release|Any CPU
		{43E3FD96-0E5E-404E-A8DC-4B2810897213}.Release|Any CPU.Build.0 = Release|Any CPU
		{27DB4DDF-7096-4BB1-85DB-74B7AC19F252}.Debug|Any CPU.ActiveCfg = Debug|Any CPU
		{27DB4DDF-7096-4BB1-85DB-74B7AC19F252}.Debug|Any CPU.Build.0 = Debug|Any CPU
		{27DB4DDF-7096-4BB1-85DB-74B7AC19F252}.Release|Any CPU.ActiveCfg = Release|Any CPU
		{27DB4DDF-7096-4BB1-85DB-74B7AC19F252}.Release|Any CPU.Build.0 = Release|Any CPU
		{34EE4B1C-24D5-4F70-8300-E359296A47C6}.Debug|Any CPU.ActiveCfg = Debug|Any CPU
		{34EE4B1C-24D5-4F70-8300-E359296A47C6}.Debug|Any CPU.Build.0 = Debug|Any CPU
		{34EE4B1C-24D5-4F70-8300-E359296A47C6}.Release|Any CPU.ActiveCfg = Release|Any CPU
		{34EE4B1C-24D5-4F70-8300-E359296A47C6}.Release|Any CPU.Build.0 = Release|Any CPU
		{9EAA8CA8-58AA-4011-A906-08A3A9A9686D}.Debug|Any CPU.ActiveCfg = Debug|Any CPU
		{9EAA8CA8-58AA-4011-A906-08A3A9A9686D}.Debug|Any CPU.Build.0 = Debug|Any CPU
		{9EAA8CA8-58AA-4011-A906-08A3A9A9686D}.Release|Any CPU.ActiveCfg = Release|Any CPU
		{9EAA8CA8-58AA-4011-A906-08A3A9A9686D}.Release|Any CPU.Build.0 = Release|Any CPU
		{C1DD0723-4C06-41E0-83CD-30EAD7AAD0BA}.Debug|Any CPU.ActiveCfg = Debug|Any CPU
		{C1DD0723-4C06-41E0-83CD-30EAD7AAD0BA}.Debug|Any CPU.Build.0 = Debug|Any CPU
		{C1DD0723-4C06-41E0-83CD-30EAD7AAD0BA}.Release|Any CPU.ActiveCfg = Release|Any CPU
		{C1DD0723-4C06-41E0-83CD-30EAD7AAD0BA}.Release|Any CPU.Build.0 = Release|Any CPU
		{10BCA8ED-9037-4A04-BFAF-18D76B1D806D}.Debug|Any CPU.ActiveCfg = Debug|Any CPU
		{10BCA8ED-9037-4A04-BFAF-18D76B1D806D}.Debug|Any CPU.Build.0 = Debug|Any CPU
		{10BCA8ED-9037-4A04-BFAF-18D76B1D806D}.Release|Any CPU.ActiveCfg = Release|Any CPU
		{10BCA8ED-9037-4A04-BFAF-18D76B1D806D}.Release|Any CPU.Build.0 = Release|Any CPU
		{FDF3B47B-5F06-4F88-9625-831D9EAAF3D5}.Debug|Any CPU.ActiveCfg = Debug|Any CPU
		{FDF3B47B-5F06-4F88-9625-831D9EAAF3D5}.Debug|Any CPU.Build.0 = Debug|Any CPU
		{FDF3B47B-5F06-4F88-9625-831D9EAAF3D5}.Release|Any CPU.ActiveCfg = Release|Any CPU
		{FDF3B47B-5F06-4F88-9625-831D9EAAF3D5}.Release|Any CPU.Build.0 = Release|Any CPU
		{F7A807D7-2707-4624-A33E-91B86019E6B4}.Debug|Any CPU.ActiveCfg = Debug|Any CPU
		{F7A807D7-2707-4624-A33E-91B86019E6B4}.Debug|Any CPU.Build.0 = Debug|Any CPU
		{F7A807D7-2707-4624-A33E-91B86019E6B4}.Release|Any CPU.ActiveCfg = Release|Any CPU
		{F7A807D7-2707-4624-A33E-91B86019E6B4}.Release|Any CPU.Build.0 = Release|Any CPU
	EndGlobalSection
	GlobalSection(SolutionProperties) = preSolution
		HideSolutionNode = FALSE
	EndGlobalSection
	GlobalSection(NestedProjects) = preSolution
		{43E3FD96-0E5E-404E-A8DC-4B2810897213} = {412C8A31-0E12-4D74-92DD-993A34577B02}
		{27DB4DDF-7096-4BB1-85DB-74B7AC19F252} = {412C8A31-0E12-4D74-92DD-993A34577B02}
		{34EE4B1C-24D5-4F70-8300-E359296A47C6} = {E2376A2F-5810-4592-920F-9502B471EF90}
		{9EAA8CA8-58AA-4011-A906-08A3A9A9686D} = {E2376A2F-5810-4592-920F-9502B471EF90}
		{C1DD0723-4C06-41E0-83CD-30EAD7AAD0BA} = {613B1AFC-8A8C-4F34-A28E-F9E3A81A106F}
		{10BCA8ED-9037-4A04-BFAF-18D76B1D806D} = {613B1AFC-8A8C-4F34-A28E-F9E3A81A106F}
		{FDF3B47B-5F06-4F88-9625-831D9EAAF3D5} = {79F310D5-9C97-40C4-8C8D-386BCAE4003E}
		{F7A807D7-2707-4624-A33E-91B86019E6B4} = {79F310D5-9C97-40C4-8C8D-386BCAE4003E}
	EndGlobalSection
	GlobalSection(ExtensibilityGlobals) = postSolution
		SolutionGuid = {EAA2D388-5D78-4737-BC72-096B434F5B46}
	EndGlobalSection
EndGlobal
